
Microsoft Visual Studio Solution File, Format Version 12.00
# Visual Studio Version 16
VisualStudioVersion = 16.0.30320.27
MinimumVisualStudioVersion = 10.0.40219.1
Project("{FAE04EC0-301F-11D3-BF4B-00C04F79EFBC}") = "HW 4.1", "HW 4.1\HW 4.1.csproj", "{53AD3FFA-0AF1-4B94-AFB7-FB77694308F1}"
EndProject
Global
	GlobalSection(SolutionConfigurationPlatforms) = preSolution
		Debug|Any CPU = Debug|Any CPU
		Release|Any CPU = Release|Any CPU
	EndGlobalSection
	GlobalSection(ProjectConfigurationPlatforms) = postSolution
		{53AD3FFA-0AF1-4B94-AFB7-FB77694308F1}.Debug|Any CPU.ActiveCfg = Debug|Any CPU
		{53AD3FFA-0AF1-4B94-AFB7-FB77694308F1}.Debug|Any CPU.Build.0 = Debug|Any CPU
		{53AD3FFA-0AF1-4B94-AFB7-FB77694308F1}.Release|Any CPU.ActiveCfg = Release|Any CPU
		{53AD3FFA-0AF1-4B94-AFB7-FB77694308F1}.Release|Any CPU.Build.0 = Release|Any CPU
	EndGlobalSection
	GlobalSection(SolutionProperties) = preSolution
		HideSolutionNode = FALSE
	EndGlobalSection
	GlobalSection(ExtensibilityGlobals) = postSolution
		SolutionGuid = {020F7AA8-7F67-40FF-83AE-922466783FB4}
	EndGlobalSection
EndGlobal
